// !$*UTF8*$!
{
	archiveVersion = 1;
	classes = {
	};
	objectVersion = 56;
	objects = {

/* Begin PBXBuildFile section */
		661FA0DD2C7F86980015277D /* LetterCountSelectionView.swift in Sources */ = {isa = PBXBuildFile; fileRef = 661FA0DC2C7F86980015277D /* LetterCountSelectionView.swift */; };
		669C77072C80C42100FE3B36 /* listado-general.txt in Resources */ = {isa = PBXBuildFile; fileRef = 669C77062C80C42100FE3B36 /* listado-general.txt */; };
		66C0FA402C7B7A5500050B16 /* KeyboardView.swift in Sources */ = {isa = PBXBuildFile; fileRef = 66C0FA3F2C7B7A5500050B16 /* KeyboardView.swift */; };
		66C0FA452C7B7D0200050B16 /* WordService.swift in Sources */ = {isa = PBXBuildFile; fileRef = 66C0FA442C7B7D0200050B16 /* WordService.swift */; };
		66C0FA482C7B7F9C00050B16 /* GameViewModel.swift in Sources */ = {isa = PBXBuildFile; fileRef = 66C0FA472C7B7F9C00050B16 /* GameViewModel.swift */; };
		66C0FA4A2C7B855900050B16 /* GameController.swift in Sources */ = {isa = PBXBuildFile; fileRef = 66C0FA492C7B855900050B16 /* GameController.swift */; };
		66C0FA4C2C7B87E600050B16 /* GameStatusBanner.swift in Sources */ = {isa = PBXBuildFile; fileRef = 66C0FA4B2C7B87E600050B16 /* GameStatusBanner.swift */; };
		66C0FA4E2C7B9D0500050B16 /* Model.swift in Sources */ = {isa = PBXBuildFile; fileRef = 66C0FA4D2C7B9D0500050B16 /* Model.swift */; };
		66D4A10E2C7B745A008B2E5B /* Worldle_SwiftUIApp.swift in Sources */ = {isa = PBXBuildFile; fileRef = 66D4A10D2C7B745A008B2E5B /* Worldle_SwiftUIApp.swift */; };
		66D4A1102C7B745A008B2E5B /* ContentView.swift in Sources */ = {isa = PBXBuildFile; fileRef = 66D4A10F2C7B745A008B2E5B /* ContentView.swift */; };
		66D4A1122C7B745B008B2E5B /* Assets.xcassets in Resources */ = {isa = PBXBuildFile; fileRef = 66D4A1112C7B745B008B2E5B /* Assets.xcassets */; };
		66D4A1152C7B745B008B2E5B /* Preview Assets.xcassets in Resources */ = {isa = PBXBuildFile; fileRef = 66D4A1142C7B745B008B2E5B /* Preview Assets.xcassets */; };
		66D4A1212C7B75FF008B2E5B /* LetterCellView.swift in Sources */ = {isa = PBXBuildFile; fileRef = 66D4A1202C7B75FF008B2E5B /* LetterCellView.swift */; };
		66D4A1232C7B782C008B2E5B /* WordRowView.swift in Sources */ = {isa = PBXBuildFile; fileRef = 66D4A1222C7B782C008B2E5B /* WordRowView.swift */; };
		66D4A1252C7B788D008B2E5B /* WordGridView.swift in Sources */ = {isa = PBXBuildFile; fileRef = 66D4A1242C7B788D008B2E5B /* WordGridView.swift */; };
/* End PBXBuildFile section */

/* Begin PBXFileReference section */
		661FA0DC2C7F86980015277D /* LetterCountSelectionView.swift */ = {isa = PBXFileReference; lastKnownFileType = sourcecode.swift; path = LetterCountSelectionView.swift; sourceTree = "<group>"; };
		669C77062C80C42100FE3B36 /* listado-general.txt */ = {isa = PBXFileReference; fileEncoding = 4; lastKnownFileType = text; path = "listado-general.txt"; sourceTree = "<group>"; };
		66C0FA3F2C7B7A5500050B16 /* KeyboardView.swift */ = {isa = PBXFileReference; lastKnownFileType = sourcecode.swift; path = KeyboardView.swift; sourceTree = "<group>"; };
		66C0FA442C7B7D0200050B16 /* WordService.swift */ = {isa = PBXFileReference; lastKnownFileType = sourcecode.swift; path = WordService.swift; sourceTree = "<group>"; };
		66C0FA472C7B7F9C00050B16 /* GameViewModel.swift */ = {isa = PBXFileReference; lastKnownFileType = sourcecode.swift; path = GameViewModel.swift; sourceTree = "<group>"; };
		66C0FA492C7B855900050B16 /* GameController.swift */ = {isa = PBXFileReference; lastKnownFileType = sourcecode.swift; path = GameController.swift; sourceTree = "<group>"; };
		66C0FA4B2C7B87E600050B16 /* GameStatusBanner.swift */ = {isa = PBXFileReference; lastKnownFileType = sourcecode.swift; path = GameStatusBanner.swift; sourceTree = "<group>"; };
		66C0FA4D2C7B9D0500050B16 /* Model.swift */ = {isa = PBXFileReference; lastKnownFileType = sourcecode.swift; path = Model.swift; sourceTree = "<group>"; };
		66D4A10A2C7B745A008B2E5B /* Worldle-SwiftUI.app */ = {isa = PBXFileReference; explicitFileType = wrapper.application; includeInIndex = 0; path = "Worldle-SwiftUI.app"; sourceTree = BUILT_PRODUCTS_DIR; };
		66D4A10D2C7B745A008B2E5B /* Worldle_SwiftUIApp.swift */ = {isa = PBXFileReference; lastKnownFileType = sourcecode.swift; path = Worldle_SwiftUIApp.swift; sourceTree = "<group>"; };
		66D4A10F2C7B745A008B2E5B /* ContentView.swift */ = {isa = PBXFileReference; lastKnownFileType = sourcecode.swift; path = ContentView.swift; sourceTree = "<group>"; };
		66D4A1112C7B745B008B2E5B /* Assets.xcassets */ = {isa = PBXFileReference; lastKnownFileType = folder.assetcatalog; path = Assets.xcassets; sourceTree = "<group>"; };
		66D4A1142C7B745B008B2E5B /* Preview Assets.xcassets */ = {isa = PBXFileReference; lastKnownFileType = folder.assetcatalog; path = "Preview Assets.xcassets"; sourceTree = "<group>"; };
		66D4A1202C7B75FF008B2E5B /* LetterCellView.swift */ = {isa = PBXFileReference; lastKnownFileType = sourcecode.swift; path = LetterCellView.swift; sourceTree = "<group>"; };
		66D4A1222C7B782C008B2E5B /* WordRowView.swift */ = {isa = PBXFileReference; lastKnownFileType = sourcecode.swift; path = WordRowView.swift; sourceTree = "<group>"; };
		66D4A1242C7B788D008B2E5B /* WordGridView.swift */ = {isa = PBXFileReference; lastKnownFileType = sourcecode.swift; path = WordGridView.swift; sourceTree = "<group>"; };
/* End PBXFileReference section */

/* Begin PBXFrameworksBuildPhase section */
		66D4A1072C7B745A008B2E5B /* Frameworks */ = {
			isa = PBXFrameworksBuildPhase;
			buildActionMask = 2147483647;
			files = (
			);
			runOnlyForDeploymentPostprocessing = 0;
		};
/* End PBXFrameworksBuildPhase section */

/* Begin PBXGroup section */
		6652D99C2C80C1680007A3A9 /* Resources */ = {
			isa = PBXGroup;
			children = (
				669C77062C80C42100FE3B36 /* listado-general.txt */,
			);
			path = Resources;
			sourceTree = "<group>";
		};
		66C0FA432C7B7CF400050B16 /* Services */ = {
			isa = PBXGroup;
			children = (
				66C0FA442C7B7D0200050B16 /* WordService.swift */,
			);
			path = Services;
			sourceTree = "<group>";
		};
		66C0FA462C7B7F8400050B16 /* ViewModel */ = {
			isa = PBXGroup;
			children = (
				66C0FA472C7B7F9C00050B16 /* GameViewModel.swift */,
			);
			path = ViewModel;
			sourceTree = "<group>";
		};
		66D4A1012C7B745A008B2E5B = {
			isa = PBXGroup;
			children = (
				66D4A10C2C7B745A008B2E5B /* Worldle-SwiftUI */,
				66D4A10B2C7B745A008B2E5B /* Products */,
			);
			sourceTree = "<group>";
		};
		66D4A10B2C7B745A008B2E5B /* Products */ = {
			isa = PBXGroup;
			children = (
				66D4A10A2C7B745A008B2E5B /* Worldle-SwiftUI.app */,
			);
			name = Products;
			sourceTree = "<group>";
		};
		66D4A10C2C7B745A008B2E5B /* Worldle-SwiftUI */ = {
			isa = PBXGroup;
			children = (
				6652D99C2C80C1680007A3A9 /* Resources */,
				66C0FA462C7B7F8400050B16 /* ViewModel */,
				66C0FA432C7B7CF400050B16 /* Services */,
				66D4A11D2C7B74B8008B2E5B /* Controller */,
				66D4A11C2C7B74B1008B2E5B /* View */,
				66D4A11B2C7B74AB008B2E5B /* Model */,
				66D4A10D2C7B745A008B2E5B /* Worldle_SwiftUIApp.swift */,
				66D4A1112C7B745B008B2E5B /* Assets.xcassets */,
				66D4A1132C7B745B008B2E5B /* Preview Content */,
			);
			path = "Worldle-SwiftUI";
			sourceTree = "<group>";
		};
		66D4A1132C7B745B008B2E5B /* Preview Content */ = {
			isa = PBXGroup;
			children = (
				66D4A1142C7B745B008B2E5B /* Preview Assets.xcassets */,
			);
			path = "Preview Content";
			sourceTree = "<group>";
		};
		66D4A11B2C7B74AB008B2E5B /* Model */ = {
			isa = PBXGroup;
			children = (
				66C0FA4D2C7B9D0500050B16 /* Model.swift */,
			);
			path = Model;
			sourceTree = "<group>";
		};
		66D4A11C2C7B74B1008B2E5B /* View */ = {
			isa = PBXGroup;
			children = (
				66D4A10F2C7B745A008B2E5B /* ContentView.swift */,
				661FA0DC2C7F86980015277D /* LetterCountSelectionView.swift */,
				66D4A1272C7B797B008B2E5B /* Keyboard */,
				66D4A1262C7B795D008B2E5B /* Grid */,
				66C0FA4B2C7B87E600050B16 /* GameStatusBanner.swift */,
			);
			path = View;
			sourceTree = "<group>";
		};
		66D4A11D2C7B74B8008B2E5B /* Controller */ = {
			isa = PBXGroup;
			children = (
				66C0FA492C7B855900050B16 /* GameController.swift */,
			);
			path = Controller;
			sourceTree = "<group>";
		};
		66D4A1262C7B795D008B2E5B /* Grid */ = {
			isa = PBXGroup;
			children = (
				66D4A1202C7B75FF008B2E5B /* LetterCellView.swift */,
				66D4A1222C7B782C008B2E5B /* WordRowView.swift */,
				66D4A1242C7B788D008B2E5B /* WordGridView.swift */,
			);
			path = Grid;
			sourceTree = "<group>";
		};
		66D4A1272C7B797B008B2E5B /* Keyboard */ = {
			isa = PBXGroup;
			children = (
				66C0FA3F2C7B7A5500050B16 /* KeyboardView.swift */,
			);
			path = Keyboard;
			sourceTree = "<group>";
		};
/* End PBXGroup section */

/* Begin PBXNativeTarget section */
		66D4A1092C7B745A008B2E5B /* Worldle-SwiftUI */ = {
			isa = PBXNativeTarget;
			buildConfigurationList = 66D4A1182C7B745B008B2E5B /* Build configuration list for PBXNativeTarget "Worldle-SwiftUI" */;
			buildPhases = (
				66D4A1062C7B745A008B2E5B /* Sources */,
				66D4A1072C7B745A008B2E5B /* Frameworks */,
				66D4A1082C7B745A008B2E5B /* Resources */,
			);
			buildRules = (
			);
			dependencies = (
			);
			name = "Worldle-SwiftUI";
			productName = "Worldle-SwiftUI";
			productReference = 66D4A10A2C7B745A008B2E5B /* Worldle-SwiftUI.app */;
			productType = "com.apple.product-type.application";
		};
/* End PBXNativeTarget section */

/* Begin PBXProject section */
		66D4A1022C7B745A008B2E5B /* Project object */ = {
			isa = PBXProject;
			attributes = {
				BuildIndependentTargetsInParallel = 1;
				LastSwiftUpdateCheck = 1540;
				LastUpgradeCheck = 1540;
				TargetAttributes = {
					66D4A1092C7B745A008B2E5B = {
						CreatedOnToolsVersion = 15.4;
					};
				};
			};
			buildConfigurationList = 66D4A1052C7B745A008B2E5B /* Build configuration list for PBXProject "Worldle-SwiftUI" */;
			compatibilityVersion = "Xcode 14.0";
			developmentRegion = en;
			hasScannedForEncodings = 0;
			knownRegions = (
				en,
				Base,
			);
			mainGroup = 66D4A1012C7B745A008B2E5B;
			productRefGroup = 66D4A10B2C7B745A008B2E5B /* Products */;
			projectDirPath = "";
			projectRoot = "";
			targets = (
				66D4A1092C7B745A008B2E5B /* Worldle-SwiftUI */,
			);
		};
/* End PBXProject section */

/* Begin PBXResourcesBuildPhase section */
		66D4A1082C7B745A008B2E5B /* Resources */ = {
			isa = PBXResourcesBuildPhase;
			buildActionMask = 2147483647;
			files = (
				66D4A1152C7B745B008B2E5B /* Preview Assets.xcassets in Resources */,
				66D4A1122C7B745B008B2E5B /* Assets.xcassets in Resources */,
				669C77072C80C42100FE3B36 /* listado-general.txt in Resources */,
			);
			runOnlyForDeploymentPostprocessing = 0;
		};
/* End PBXResourcesBuildPhase section */

/* Begin PBXSourcesBuildPhase section */
		66D4A1062C7B745A008B2E5B /* Sources */ = {
			isa = PBXSourcesBuildPhase;
			buildActionMask = 2147483647;
			files = (
				66D4A1252C7B788D008B2E5B /* WordGridView.swift in Sources */,
				66D4A1102C7B745A008B2E5B /* ContentView.swift in Sources */,
				66D4A10E2C7B745A008B2E5B /* Worldle_SwiftUIApp.swift in Sources */,
				66C0FA452C7B7D0200050B16 /* WordService.swift in Sources */,
				66C0FA4A2C7B855900050B16 /* GameController.swift in Sources */,
				66C0FA482C7B7F9C00050B16 /* GameViewModel.swift in Sources */,
				66C0FA402C7B7A5500050B16 /* KeyboardView.swift in Sources */,
				66D4A1212C7B75FF008B2E5B /* LetterCellView.swift in Sources */,
				66C0FA4E2C7B9D0500050B16 /* Model.swift in Sources */,
				66D4A1232C7B782C008B2E5B /* WordRowView.swift in Sources */,
				66C0FA4C2C7B87E600050B16 /* GameStatusBanner.swift in Sources */,
				661FA0DD2C7F86980015277D /* LetterCountSelectionView.swift in Sources */,
			);
			runOnlyForDeploymentPostprocessing = 0;
		};
/* End PBXSourcesBuildPhase section */

/* Begin XCBuildConfiguration section */
		66D4A1162C7B745B008B2E5B /* Debug */ = {
			isa = XCBuildConfiguration;
			buildSettings = {
				ALWAYS_SEARCH_USER_PATHS = NO;
				ASSETCATALOG_COMPILER_GENERATE_SWIFT_ASSET_SYMBOL_EXTENSIONS = YES;
				CLANG_ANALYZER_NONNULL = YES;
				CLANG_ANALYZER_NUMBER_OBJECT_CONVERSION = YES_AGGRESSIVE;
				CLANG_CXX_LANGUAGE_STANDARD = "gnu++20";
				CLANG_ENABLE_MODULES = YES;
				CLANG_ENABLE_OBJC_ARC = YES;
				CLANG_ENABLE_OBJC_WEAK = YES;
				CLANG_WARN_BLOCK_CAPTURE_AUTORELEASING = YES;
				CLANG_WARN_BOOL_CONVERSION = YES;
				CLANG_WARN_COMMA = YES;
				CLANG_WARN_CONSTANT_CONVERSION = YES;
				CLANG_WARN_DEPRECATED_OBJC_IMPLEMENTATIONS = YES;
				CLANG_WARN_DIRECT_OBJC_ISA_USAGE = YES_ERROR;
				CLANG_WARN_DOCUMENTATION_COMMENTS = YES;
				CLANG_WARN_EMPTY_BODY = YES;
				CLANG_WARN_ENUM_CONVERSION = YES;
				CLANG_WARN_INFINITE_RECURSION = YES;
				CLANG_WARN_INT_CONVERSION = YES;
				CLANG_WARN_NON_LITERAL_NULL_CONVERSION = YES;
				CLANG_WARN_OBJC_IMPLICIT_RETAIN_SELF = YES;
				CLANG_WARN_OBJC_LITERAL_CONVERSION = YES;
				CLANG_WARN_OBJC_ROOT_CLASS = YES_ERROR;
				CLANG_WARN_QUOTED_INCLUDE_IN_FRAMEWORK_HEADER = YES;
				CLANG_WARN_RANGE_LOOP_ANALYSIS = YES;
				CLANG_WARN_STRICT_PROTOTYPES = YES;
				CLANG_WARN_SUSPICIOUS_MOVE = YES;
				CLANG_WARN_UNGUARDED_AVAILABILITY = YES_AGGRESSIVE;
				CLANG_WARN_UNREACHABLE_CODE = YES;
				CLANG_WARN__DUPLICATE_METHOD_MATCH = YES;
				COPY_PHASE_STRIP = NO;
				DEBUG_INFORMATION_FORMAT = dwarf;
				ENABLE_STRICT_OBJC_MSGSEND = YES;
				ENABLE_TESTABILITY = YES;
				ENABLE_USER_SCRIPT_SANDBOXING = YES;
				GCC_C_LANGUAGE_STANDARD = gnu17;
				GCC_DYNAMIC_NO_PIC = NO;
				GCC_NO_COMMON_BLOCKS = YES;
				GCC_OPTIMIZATION_LEVEL = 0;
				GCC_PREPROCESSOR_DEFINITIONS = (
					"DEBUG=1",
					"$(inherited)",
				);
				GCC_WARN_64_TO_32_BIT_CONVERSION = YES;
				GCC_WARN_ABOUT_RETURN_TYPE = YES_ERROR;
				GCC_WARN_UNDECLARED_SELECTOR = YES;
				GCC_WARN_UNINITIALIZED_AUTOS = YES_AGGRESSIVE;
				GCC_WARN_UNUSED_FUNCTION = YES;
				GCC_WARN_UNUSED_VARIABLE = YES;
				IPHONEOS_DEPLOYMENT_TARGET = 17.5;
				LOCALIZATION_PREFERS_STRING_CATALOGS = YES;
				MTL_ENABLE_DEBUG_INFO = INCLUDE_SOURCE;
				MTL_FAST_MATH = YES;
				ONLY_ACTIVE_ARCH = YES;
				SDKROOT = iphoneos;
				SWIFT_ACTIVE_COMPILATION_CONDITIONS = "DEBUG $(inherited)";
				SWIFT_OPTIMIZATION_LEVEL = "-Onone";
			};
			name = Debug;
		};
		66D4A1172C7B745B008B2E5B /* Release */ = {
			isa = XCBuildConfiguration;
			buildSettings = {
				ALWAYS_SEARCH_USER_PATHS = NO;
				ASSETCATALOG_COMPILER_GENERATE_SWIFT_ASSET_SYMBOL_EXTENSIONS = YES;
				CLANG_ANALYZER_NONNULL = YES;
				CLANG_ANALYZER_NUMBER_OBJECT_CONVERSION = YES_AGGRESSIVE;
				CLANG_CXX_LANGUAGE_STANDARD = "gnu++20";
				CLANG_ENABLE_MODULES = YES;
				CLANG_ENABLE_OBJC_ARC = YES;
				CLANG_ENABLE_OBJC_WEAK = YES;
				CLANG_WARN_BLOCK_CAPTURE_AUTORELEASING = YES;
				CLANG_WARN_BOOL_CONVERSION = YES;
				CLANG_WARN_COMMA = YES;
				CLANG_WARN_CONSTANT_CONVERSION = YES;
				CLANG_WARN_DEPRECATED_OBJC_IMPLEMENTATIONS = YES;
				CLANG_WARN_DIRECT_OBJC_ISA_USAGE = YES_ERROR;
				CLANG_WARN_DOCUMENTATION_COMMENTS = YES;
				CLANG_WARN_EMPTY_BODY = YES;
				CLANG_WARN_ENUM_CONVERSION = YES;
				CLANG_WARN_INFINITE_RECURSION = YES;
				CLANG_WARN_INT_CONVERSION = YES;
				CLANG_WARN_NON_LITERAL_NULL_CONVERSION = YES;
				CLANG_WARN_OBJC_IMPLICIT_RETAIN_SELF = YES;
				CLANG_WARN_OBJC_LITERAL_CONVERSION = YES;
				CLANG_WARN_OBJC_ROOT_CLASS = YES_ERROR;
				CLANG_WARN_QUOTED_INCLUDE_IN_FRAMEWORK_HEADER = YES;
				CLANG_WARN_RANGE_LOOP_ANALYSIS = YES;
				CLANG_WARN_STRICT_PROTOTYPES = YES;
				CLANG_WARN_SUSPICIOUS_MOVE = YES;
				CLANG_WARN_UNGUARDED_AVAILABILITY = YES_AGGRESSIVE;
				CLANG_WARN_UNREACHABLE_CODE = YES;
				CLANG_WARN__DUPLICATE_METHOD_MATCH = YES;
				COPY_PHASE_STRIP = NO;
				DEBUG_INFORMATION_FORMAT = "dwarf-with-dsym";
				ENABLE_NS_ASSERTIONS = NO;
				ENABLE_STRICT_OBJC_MSGSEND = YES;
				ENABLE_USER_SCRIPT_SANDBOXING = YES;
				GCC_C_LANGUAGE_STANDARD = gnu17;
				GCC_NO_COMMON_BLOCKS = YES;
				GCC_WARN_64_TO_32_BIT_CONVERSION = YES;
				GCC_WARN_ABOUT_RETURN_TYPE = YES_ERROR;
				GCC_WARN_UNDECLARED_SELECTOR = YES;
				GCC_WARN_UNINITIALIZED_AUTOS = YES_AGGRESSIVE;
				GCC_WARN_UNUSED_FUNCTION = YES;
				GCC_WARN_UNUSED_VARIABLE = YES;
				IPHONEOS_DEPLOYMENT_TARGET = 17.5;
				LOCALIZATION_PREFERS_STRING_CATALOGS = YES;
				MTL_ENABLE_DEBUG_INFO = NO;
				MTL_FAST_MATH = YES;
				SDKROOT = iphoneos;
				SWIFT_COMPILATION_MODE = wholemodule;
				VALIDATE_PRODUCT = YES;
			};
			name = Release;
		};
		66D4A1192C7B745B008B2E5B /* Debug */ = {
			isa = XCBuildConfiguration;
			buildSettings = {
				ASSETCATALOG_COMPILER_APPICON_NAME = AppIcon;
				ASSETCATALOG_COMPILER_GLOBAL_ACCENT_COLOR_NAME = AccentColor;
				CODE_SIGN_STYLE = Automatic;
				CURRENT_PROJECT_VERSION = 1;
				DEVELOPMENT_ASSET_PATHS = "\"Worldle-SwiftUI/Preview Content\"";
				DEVELOPMENT_TEAM = 9M98K8Y584;
				ENABLE_PREVIEWS = YES;
				GENERATE_INFOPLIST_FILE = YES;
				INFOPLIST_KEY_UIApplicationSceneManifest_Generation = YES;
				INFOPLIST_KEY_UIApplicationSupportsIndirectInputEvents = YES;
				INFOPLIST_KEY_UILaunchScreen_Generation = YES;
				INFOPLIST_KEY_UISupportedInterfaceOrientations_iPad = "UIInterfaceOrientationPortrait UIInterfaceOrientationPortraitUpsideDown UIInterfaceOrientationLandscapeLeft UIInterfaceOrientationLandscapeRight";
				INFOPLIST_KEY_UISupportedInterfaceOrientations_iPhone = "UIInterfaceOrientationPortrait UIInterfaceOrientationLandscapeLeft UIInterfaceOrientationLandscapeRight";
				LD_RUNPATH_SEARCH_PATHS = (
					"$(inherited)",
					"@executable_path/Frameworks",
				);
				MARKETING_VERSION = 1.0;
				PRODUCT_BUNDLE_IDENTIFIER = "herni.rg.Worldle-SwiftUI";
				PRODUCT_NAME = "$(TARGET_NAME)";
				SWIFT_EMIT_LOC_STRINGS = YES;
				SWIFT_VERSION = 5.0;
				TARGETED_DEVICE_FAMILY = "1,2";
			};
			name = Debug;
		};
		66D4A11A2C7B745B008B2E5B /* Release */ = {
			isa = XCBuildConfiguration;
			buildSettings = {
				ASSETCATALOG_COMPILER_APPICON_NAME = AppIcon;
				ASSETCATALOG_COMPILER_GLOBAL_ACCENT_COLOR_NAME = AccentColor;
				CODE_SIGN_STYLE = Automatic;
				CURRENT_PROJECT_VERSION = 1;
				DEVELOPMENT_ASSET_PATHS = "\"Worldle-SwiftUI/Preview Content\"";
				DEVELOPMENT_TEAM = 9M98K8Y584;
				ENABLE_PREVIEWS = YES;
				GENERATE_INFOPLIST_FILE = YES;
				INFOPLIST_KEY_UIApplicationSceneManifest_Generation = YES;
				INFOPLIST_KEY_UIApplicationSupportsIndirectInputEvents = YES;
				INFOPLIST_KEY_UILaunchScreen_Generation = YES;
				INFOPLIST_KEY_UISupportedInterfaceOrientations_iPad = "UIInterfaceOrientationPortrait UIInterfaceOrientationPortraitUpsideDown UIInterfaceOrientationLandscapeLeft UIInterfaceOrientationLandscapeRight";
				INFOPLIST_KEY_UISupportedInterfaceOrientations_iPhone = "UIInterfaceOrientationPortrait UIInterfaceOrientationLandscapeLeft UIInterfaceOrientationLandscapeRight";
				LD_RUNPATH_SEARCH_PATHS = (
					"$(inherited)",
					"@executable_path/Frameworks",
				);
				MARKETING_VERSION = 1.0;
				PRODUCT_BUNDLE_IDENTIFIER = "herni.rg.Worldle-SwiftUI";
				PRODUCT_NAME = "$(TARGET_NAME)";
				SWIFT_EMIT_LOC_STRINGS = YES;
				SWIFT_VERSION = 5.0;
				TARGETED_DEVICE_FAMILY = "1,2";
			};
			name = Release;
		};
/* End XCBuildConfiguration section */

/* Begin XCConfigurationList section */
		66D4A1052C7B745A008B2E5B /* Build configuration list for PBXProject "Worldle-SwiftUI" */ = {
			isa = XCConfigurationList;
			buildConfigurations = (
				66D4A1162C7B745B008B2E5B /* Debug */,
				66D4A1172C7B745B008B2E5B /* Release */,
			);
			defaultConfigurationIsVisible = 0;
			defaultConfigurationName = Release;
		};
		66D4A1182C7B745B008B2E5B /* Build configuration list for PBXNativeTarget "Worldle-SwiftUI" */ = {
			isa = XCConfigurationList;
			buildConfigurations = (
				66D4A1192C7B745B008B2E5B /* Debug */,
				66D4A11A2C7B745B008B2E5B /* Release */,
			);
			defaultConfigurationIsVisible = 0;
			defaultConfigurationName = Release;
		};
/* End XCConfigurationList section */
	};
	rootObject = 66D4A1022C7B745A008B2E5B /* Project object */;
}
